// !$*UTF8*$!
{
	archiveVersion = 1;
	classes = {
	};
	objectVersion = 56;
	objects = {

/* Begin PBXBuildFile section */
		0E1D6D4B297A6B31004AF835 /* NewsListTableViewController.swift in Sources */ = {isa = PBXBuildFile; fileRef = 0E1D6D4A297A6B31004AF835 /* NewsListTableViewController.swift */; };
		0E1D6D4E297A797E004AF835 /* WebService.swift in Sources */ = {isa = PBXBuildFile; fileRef = 0E1D6D4D297A797E004AF835 /* WebService.swift */; };
		0E1D6D51297B8EB9004AF835 /* Article.swift in Sources */ = {isa = PBXBuildFile; fileRef = 0E1D6D50297B8EB9004AF835 /* Article.swift */; };
		0E1D6D54297C33A4004AF835 /* ArticleViewModel.swift in Sources */ = {isa = PBXBuildFile; fileRef = 0E1D6D53297C33A4004AF835 /* ArticleViewModel.swift */; };
		0E1D6D57297C3828004AF835 /* ArticleTableViewCell.swift in Sources */ = {isa = PBXBuildFile; fileRef = 0E1D6D56297C3827004AF835 /* ArticleTableViewCell.swift */; };
		0E1D6D5A297C44A9004AF835 /* Alamofire in Frameworks */ = {isa = PBXBuildFile; productRef = 0E1D6D59297C44A9004AF835 /* Alamofire */; };
		0E1D6D5D297C482B004AF835 /* SwiftyJSON in Frameworks */ = {isa = PBXBuildFile; productRef = 0E1D6D5C297C482B004AF835 /* SwiftyJSON */; };
		0E2A906B2981786500E6F84F /* SettingsTableViewController.swift in Sources */ = {isa = PBXBuildFile; fileRef = 0E2A906A2981786500E6F84F /* SettingsTableViewController.swift */; };
		0E2A906D298178C700E6F84F /* SettingsViewModel.swift in Sources */ = {isa = PBXBuildFile; fileRef = 0E2A906C298178C700E6F84F /* SettingsViewModel.swift */; };
		0E2A906F29817AA900E6F84F /* Unit.swift in Sources */ = {isa = PBXBuildFile; fileRef = 0E2A906E29817AA900E6F84F /* Unit.swift */; };
		0E2A907329856C4D00E6F84F /* LoginViewController.swift in Sources */ = {isa = PBXBuildFile; fileRef = 0E2A907229856C4D00E6F84F /* LoginViewController.swift */; };
		0E2A907629856F7600E6F84F /* LoginViewModel.swift in Sources */ = {isa = PBXBuildFile; fileRef = 0E2A907529856F7600E6F84F /* LoginViewModel.swift */; };
		0E2A9079298572F600E6F84F /* BindingTextField.swift in Sources */ = {isa = PBXBuildFile; fileRef = 0E2A9078298572F600E6F84F /* BindingTextField.swift */; };
		0E322E05297991820050EB2F /* AppDelegate.swift in Sources */ = {isa = PBXBuildFile; fileRef = 0E322E04297991820050EB2F /* AppDelegate.swift */; };
		0E322E07297991820050EB2F /* SceneDelegate.swift in Sources */ = {isa = PBXBuildFile; fileRef = 0E322E06297991820050EB2F /* SceneDelegate.swift */; };
		0E322E0C297991820050EB2F /* Main.storyboard in Resources */ = {isa = PBXBuildFile; fileRef = 0E322E0A297991820050EB2F /* Main.storyboard */; };
		0E322E0E297991840050EB2F /* Assets.xcassets in Resources */ = {isa = PBXBuildFile; fileRef = 0E322E0D297991840050EB2F /* Assets.xcassets */; };
		0E322E11297991840050EB2F /* LaunchScreen.storyboard in Resources */ = {isa = PBXBuildFile; fileRef = 0E322E0F297991840050EB2F /* LaunchScreen.storyboard */; };
		0E7C80A8297D440100005C64 /* OrdersTableViewController.swift in Sources */ = {isa = PBXBuildFile; fileRef = 0E7C80A7297D440100005C64 /* OrdersTableViewController.swift */; };
		0E7C80AA297D443000005C64 /* AddOrderViewController.swift in Sources */ = {isa = PBXBuildFile; fileRef = 0E7C80A9297D443000005C64 /* AddOrderViewController.swift */; };
		0E7C80AD297D7B2000005C64 /* OrderWebservice.swift in Sources */ = {isa = PBXBuildFile; fileRef = 0E7C80AC297D7B2000005C64 /* OrderWebservice.swift */; };
		0E7C80B0297D816A00005C64 /* Order.swift in Sources */ = {isa = PBXBuildFile; fileRef = 0E7C80AF297D816A00005C64 /* Order.swift */; };
		0E7C80B3297D8C4800005C64 /* OrderViewModel.swift in Sources */ = {isa = PBXBuildFile; fileRef = 0E7C80B2297D8C4800005C64 /* OrderViewModel.swift */; };
		0E7C80B5297D979400005C64 /* AddCoffeeOrderViewModel.swift in Sources */ = {isa = PBXBuildFile; fileRef = 0E7C80B4297D979400005C64 /* AddCoffeeOrderViewModel.swift */; };
		0E902329297EC4B9005F1FD7 /* WeatherListTableViewController.swift in Sources */ = {isa = PBXBuildFile; fileRef = 0E902328297EC4B9005F1FD7 /* WeatherListTableViewController.swift */; };
		0E90232B297EC4DE005F1FD7 /* AddWeatherCityViewController.swift in Sources */ = {isa = PBXBuildFile; fileRef = 0E90232A297EC4DE005F1FD7 /* AddWeatherCityViewController.swift */; };
		0E90232E297EC9D1005F1FD7 /* WeatherCell.swift in Sources */ = {isa = PBXBuildFile; fileRef = 0E90232D297EC9D1005F1FD7 /* WeatherCell.swift */; };
		0E902331297ECFB1005F1FD7 /* WeatherWebService.swift in Sources */ = {isa = PBXBuildFile; fileRef = 0E902330297ECFB1005F1FD7 /* WeatherWebService.swift */; };
		0E902334297ED533005F1FD7 /* WeatherResponse.swift in Sources */ = {isa = PBXBuildFile; fileRef = 0E902333297ED533005F1FD7 /* WeatherResponse.swift */; };
		0E902337297ED73B005F1FD7 /* AddWeatherViewModel.swift in Sources */ = {isa = PBXBuildFile; fileRef = 0E902336297ED73B005F1FD7 /* AddWeatherViewModel.swift */; };
		0E90233A297ED781005F1FD7 /* Constants.swift in Sources */ = {isa = PBXBuildFile; fileRef = 0E902339297ED781005F1FD7 /* Constants.swift */; };
		0E90233D297ED863005F1FD7 /* String+Extensions.swift in Sources */ = {isa = PBXBuildFile; fileRef = 0E90233C297ED863005F1FD7 /* String+Extensions.swift */; };
		0E90233F297EDA27005F1FD7 /* WeatherListViewModel.swift in Sources */ = {isa = PBXBuildFile; fileRef = 0E90233E297EDA27005F1FD7 /* WeatherListViewModel.swift */; };
		0E902341297EE5BF005F1FD7 /* Double+Extensions.swift in Sources */ = {isa = PBXBuildFile; fileRef = 0E902340297EE5BF005F1FD7 /* Double+Extensions.swift */; };
/* End PBXBuildFile section */

/* Begin PBXFileReference section */
		0E1D6D4A297A6B31004AF835 /* NewsListTableViewController.swift */ = {isa = PBXFileReference; lastKnownFileType = sourcecode.swift; path = NewsListTableViewController.swift; sourceTree = "<group>"; };
		0E1D6D4D297A797E004AF835 /* WebService.swift */ = {isa = PBXFileReference; lastKnownFileType = sourcecode.swift; path = WebService.swift; sourceTree = "<group>"; };
		0E1D6D50297B8EB9004AF835 /* Article.swift */ = {isa = PBXFileReference; lastKnownFileType = sourcecode.swift; path = Article.swift; sourceTree = "<group>"; };
		0E1D6D53297C33A4004AF835 /* ArticleViewModel.swift */ = {isa = PBXFileReference; lastKnownFileType = sourcecode.swift; path = ArticleViewModel.swift; sourceTree = "<group>"; };
		0E1D6D56297C3827004AF835 /* ArticleTableViewCell.swift */ = {isa = PBXFileReference; lastKnownFileType = sourcecode.swift; path = ArticleTableViewCell.swift; sourceTree = "<group>"; };
		0E2A906A2981786500E6F84F /* SettingsTableViewController.swift */ = {isa = PBXFileReference; lastKnownFileType = sourcecode.swift; path = SettingsTableViewController.swift; sourceTree = "<group>"; };
		0E2A906C298178C700E6F84F /* SettingsViewModel.swift */ = {isa = PBXFileReference; lastKnownFileType = sourcecode.swift; path = SettingsViewModel.swift; sourceTree = "<group>"; };
		0E2A906E29817AA900E6F84F /* Unit.swift */ = {isa = PBXFileReference; lastKnownFileType = sourcecode.swift; path = Unit.swift; sourceTree = "<group>"; };
		0E2A907229856C4D00E6F84F /* LoginViewController.swift */ = {isa = PBXFileReference; lastKnownFileType = sourcecode.swift; path = LoginViewController.swift; sourceTree = "<group>"; };
		0E2A907529856F7600E6F84F /* LoginViewModel.swift */ = {isa = PBXFileReference; lastKnownFileType = sourcecode.swift; path = LoginViewModel.swift; sourceTree = "<group>"; };
		0E2A9078298572F600E6F84F /* BindingTextField.swift */ = {isa = PBXFileReference; lastKnownFileType = sourcecode.swift; path = BindingTextField.swift; sourceTree = "<group>"; };
		0E322E01297991820050EB2F /* MVVMpractice.app */ = {isa = PBXFileReference; explicitFileType = wrapper.application; includeInIndex = 0; path = MVVMpractice.app; sourceTree = BUILT_PRODUCTS_DIR; };
		0E322E04297991820050EB2F /* AppDelegate.swift */ = {isa = PBXFileReference; lastKnownFileType = sourcecode.swift; path = AppDelegate.swift; sourceTree = "<group>"; };
		0E322E06297991820050EB2F /* SceneDelegate.swift */ = {isa = PBXFileReference; lastKnownFileType = sourcecode.swift; path = SceneDelegate.swift; sourceTree = "<group>"; };
		0E322E0B297991820050EB2F /* Base */ = {isa = PBXFileReference; lastKnownFileType = file.storyboard; name = Base; path = Base.lproj/Main.storyboard; sourceTree = "<group>"; };
		0E322E0D297991840050EB2F /* Assets.xcassets */ = {isa = PBXFileReference; lastKnownFileType = folder.assetcatalog; path = Assets.xcassets; sourceTree = "<group>"; };
		0E322E10297991840050EB2F /* Base */ = {isa = PBXFileReference; lastKnownFileType = file.storyboard; name = Base; path = Base.lproj/LaunchScreen.storyboard; sourceTree = "<group>"; };
		0E322E12297991840050EB2F /* Info.plist */ = {isa = PBXFileReference; lastKnownFileType = text.plist.xml; path = Info.plist; sourceTree = "<group>"; };
		0E7C80A7297D440100005C64 /* OrdersTableViewController.swift */ = {isa = PBXFileReference; lastKnownFileType = sourcecode.swift; path = OrdersTableViewController.swift; sourceTree = "<group>"; };
		0E7C80A9297D443000005C64 /* AddOrderViewController.swift */ = {isa = PBXFileReference; lastKnownFileType = sourcecode.swift; path = AddOrderViewController.swift; sourceTree = "<group>"; };
		0E7C80AC297D7B2000005C64 /* OrderWebservice.swift */ = {isa = PBXFileReference; lastKnownFileType = sourcecode.swift; path = OrderWebservice.swift; sourceTree = "<group>"; };
		0E7C80AF297D816A00005C64 /* Order.swift */ = {isa = PBXFileReference; lastKnownFileType = sourcecode.swift; path = Order.swift; sourceTree = "<group>"; };
		0E7C80B2297D8C4800005C64 /* OrderViewModel.swift */ = {isa = PBXFileReference; lastKnownFileType = sourcecode.swift; path = OrderViewModel.swift; sourceTree = "<group>"; };
		0E7C80B4297D979400005C64 /* AddCoffeeOrderViewModel.swift */ = {isa = PBXFileReference; lastKnownFileType = sourcecode.swift; path = AddCoffeeOrderViewModel.swift; sourceTree = "<group>"; };
		0E902328297EC4B9005F1FD7 /* WeatherListTableViewController.swift */ = {isa = PBXFileReference; lastKnownFileType = sourcecode.swift; path = WeatherListTableViewController.swift; sourceTree = "<group>"; };
		0E90232A297EC4DE005F1FD7 /* AddWeatherCityViewController.swift */ = {isa = PBXFileReference; lastKnownFileType = sourcecode.swift; path = AddWeatherCityViewController.swift; sourceTree = "<group>"; };
		0E90232D297EC9D1005F1FD7 /* WeatherCell.swift */ = {isa = PBXFileReference; lastKnownFileType = sourcecode.swift; path = WeatherCell.swift; sourceTree = "<group>"; };
		0E902330297ECFB1005F1FD7 /* WeatherWebService.swift */ = {isa = PBXFileReference; lastKnownFileType = sourcecode.swift; path = WeatherWebService.swift; sourceTree = "<group>"; };
		0E902333297ED533005F1FD7 /* WeatherResponse.swift */ = {isa = PBXFileReference; lastKnownFileType = sourcecode.swift; path = WeatherResponse.swift; sourceTree = "<group>"; };
		0E902336297ED73B005F1FD7 /* AddWeatherViewModel.swift */ = {isa = PBXFileReference; lastKnownFileType = sourcecode.swift; path = AddWeatherViewModel.swift; sourceTree = "<group>"; };
		0E902339297ED781005F1FD7 /* Constants.swift */ = {isa = PBXFileReference; lastKnownFileType = sourcecode.swift; path = Constants.swift; sourceTree = "<group>"; };
		0E90233C297ED863005F1FD7 /* String+Extensions.swift */ = {isa = PBXFileReference; lastKnownFileType = sourcecode.swift; path = "String+Extensions.swift"; sourceTree = "<group>"; };
		0E90233E297EDA27005F1FD7 /* WeatherListViewModel.swift */ = {isa = PBXFileReference; lastKnownFileType = sourcecode.swift; path = WeatherListViewModel.swift; sourceTree = "<group>"; };
		0E902340297EE5BF005F1FD7 /* Double+Extensions.swift */ = {isa = PBXFileReference; lastKnownFileType = sourcecode.swift; path = "Double+Extensions.swift"; sourceTree = "<group>"; };
/* End PBXFileReference section */

/* Begin PBXFrameworksBuildPhase section */
		0E322DFE297991820050EB2F /* Frameworks */ = {
			isa = PBXFrameworksBuildPhase;
			buildActionMask = 2147483647;
			files = (
				0E1D6D5D297C482B004AF835 /* SwiftyJSON in Frameworks */,
				0E1D6D5A297C44A9004AF835 /* Alamofire in Frameworks */,
			);
			runOnlyForDeploymentPostprocessing = 0;
		};
/* End PBXFrameworksBuildPhase section */

/* Begin PBXGroup section */
		0E1D6D49297A6B1A004AF835 /* Controllers */ = {
			isa = PBXGroup;
			children = (
				0E1D6D4A297A6B31004AF835 /* NewsListTableViewController.swift */,
			);
			path = Controllers;
			sourceTree = "<group>";
		};
		0E1D6D4C297A796E004AF835 /* Services */ = {
			isa = PBXGroup;
			children = (
				0E1D6D4D297A797E004AF835 /* WebService.swift */,
			);
			path = Services;
			sourceTree = "<group>";
		};
		0E1D6D4F297B8EAD004AF835 /* Models */ = {
			isa = PBXGroup;
			children = (
				0E1D6D50297B8EB9004AF835 /* Article.swift */,
			);
			path = Models;
			sourceTree = "<group>";
		};
		0E1D6D52297C3346004AF835 /* ViewModels */ = {
			isa = PBXGroup;
			children = (
				0E1D6D53297C33A4004AF835 /* ArticleViewModel.swift */,
			);
			path = ViewModels;
			sourceTree = "<group>";
		};
		0E1D6D55297C3815004AF835 /* Cells */ = {
			isa = PBXGroup;
			children = (
				0E1D6D56297C3827004AF835 /* ArticleTableViewCell.swift */,
			);
			path = Cells;
			sourceTree = "<group>";
		};
		0E2A90702983CBCC00E6F84F /* Application */ = {
			isa = PBXGroup;
			children = (
				0E322E04297991820050EB2F /* AppDelegate.swift */,
				0E322E06297991820050EB2F /* SceneDelegate.swift */,
			);
			path = Application;
			sourceTree = "<group>";
		};
		0E2A907129856C0000E6F84F /* BindingMVVM */ = {
			isa = PBXGroup;
			children = (
				0E2A9077298572DC00E6F84F /* Custom Views */,
				0E2A907429856F6900E6F84F /* View Models */,
				0E2A907229856C4D00E6F84F /* LoginViewController.swift */,
			);
			path = BindingMVVM;
			sourceTree = "<group>";
		};
		0E2A907429856F6900E6F84F /* View Models */ = {
			isa = PBXGroup;
			children = (
				0E2A907529856F7600E6F84F /* LoginViewModel.swift */,
			);
			path = "View Models";
			sourceTree = "<group>";
		};
		0E2A9077298572DC00E6F84F /* Custom Views */ = {
			isa = PBXGroup;
			children = (
				0E2A9078298572F600E6F84F /* BindingTextField.swift */,
			);
			path = "Custom Views";
			sourceTree = "<group>";
		};
		0E322DF8297991820050EB2F = {
			isa = PBXGroup;
			children = (
				0E322E03297991820050EB2F /* MVVMpractice */,
				0E322E02297991820050EB2F /* Products */,
			);
			sourceTree = "<group>";
		};
		0E322E02297991820050EB2F /* Products */ = {
			isa = PBXGroup;
			children = (
				0E322E01297991820050EB2F /* MVVMpractice.app */,
			);
			name = Products;
			sourceTree = "<group>";
		};
		0E322E03297991820050EB2F /* MVVMpractice */ = {
			isa = PBXGroup;
			children = (
				0E2A907129856C0000E6F84F /* BindingMVVM */,
				0E2A90702983CBCC00E6F84F /* Application */,
				0E902326297EC2FD005F1FD7 /* GoodWeather */,
				0E7C80A5297D41E500005C64 /* Coffee Ordering App */,
				0E7C80A4297D417700005C64 /* News App */,
				0E322E0A297991820050EB2F /* Main.storyboard */,
				0E322E0D297991840050EB2F /* Assets.xcassets */,
				0E322E0F297991840050EB2F /* LaunchScreen.storyboard */,
				0E322E12297991840050EB2F /* Info.plist */,
			);
			path = MVVMpractice;
			sourceTree = "<group>";
		};
		0E7C80A4297D417700005C64 /* News App */ = {
			isa = PBXGroup;
			children = (
				0E1D6D55297C3815004AF835 /* Cells */,
				0E1D6D52297C3346004AF835 /* ViewModels */,
				0E1D6D4F297B8EAD004AF835 /* Models */,
				0E1D6D4C297A796E004AF835 /* Services */,
				0E1D6D49297A6B1A004AF835 /* Controllers */,
			);
			path = "News App";
			sourceTree = "<group>";
		};
		0E7C80A5297D41E500005C64 /* Coffee Ordering App */ = {
			isa = PBXGroup;
			children = (
				0E7C80B1297D8C3A00005C64 /* ViewModels */,
				0E7C80AE297D816000005C64 /* Models */,
				0E7C80AB297D7B0E00005C64 /* Service */,
				0E7C80A6297D41F600005C64 /* Controllers */,
			);
			path = "Coffee Ordering App";
			sourceTree = "<group>";
		};
		0E7C80A6297D41F600005C64 /* Controllers */ = {
			isa = PBXGroup;
			children = (
				0E7C80A7297D440100005C64 /* OrdersTableViewController.swift */,
				0E7C80A9297D443000005C64 /* AddOrderViewController.swift */,
			);
			path = Controllers;
			sourceTree = "<group>";
		};
		0E7C80AB297D7B0E00005C64 /* Service */ = {
			isa = PBXGroup;
			children = (
				0E7C80AC297D7B2000005C64 /* OrderWebservice.swift */,
			);
			path = Service;
			sourceTree = "<group>";
		};
		0E7C80AE297D816000005C64 /* Models */ = {
			isa = PBXGroup;
			children = (
				0E7C80AF297D816A00005C64 /* Order.swift */,
			);
			path = Models;
			sourceTree = "<group>";
		};
		0E7C80B1297D8C3A00005C64 /* ViewModels */ = {
			isa = PBXGroup;
			children = (
				0E7C80B2297D8C4800005C64 /* OrderViewModel.swift */,
				0E7C80B4297D979400005C64 /* AddCoffeeOrderViewModel.swift */,
			);
			path = ViewModels;
			sourceTree = "<group>";
		};
		0E902326297EC2FD005F1FD7 /* GoodWeather */ = {
			isa = PBXGroup;
			children = (
				0E90233B297ED858005F1FD7 /* Extensions */,
				0E902338297ED778005F1FD7 /* Utils */,
				0E902335297ED72F005F1FD7 /* View Models */,
				0E902332297ED508005F1FD7 /* Models */,
				0E90232F297ECFA1005F1FD7 /* Services */,
				0E90232C297EC9BA005F1FD7 /* Custom Cells */,
				0E902327297EC4A2005F1FD7 /* Controllers */,
			);
			path = GoodWeather;
			sourceTree = "<group>";
		};
		0E902327297EC4A2005F1FD7 /* Controllers */ = {
			isa = PBXGroup;
			children = (
				0E902328297EC4B9005F1FD7 /* WeatherListTableViewController.swift */,
				0E90232A297EC4DE005F1FD7 /* AddWeatherCityViewController.swift */,
				0E2A906A2981786500E6F84F /* SettingsTableViewController.swift */,
			);
			path = Controllers;
			sourceTree = "<group>";
		};
		0E90232C297EC9BA005F1FD7 /* Custom Cells */ = {
			isa = PBXGroup;
			children = (
				0E90232D297EC9D1005F1FD7 /* WeatherCell.swift */,
			);
			path = "Custom Cells";
			sourceTree = "<group>";
		};
		0E90232F297ECFA1005F1FD7 /* Services */ = {
			isa = PBXGroup;
			children = (
				0E902330297ECFB1005F1FD7 /* WeatherWebService.swift */,
			);
			path = Services;
			sourceTree = "<group>";
		};
		0E902332297ED508005F1FD7 /* Models */ = {
			isa = PBXGroup;
			children = (
				0E902333297ED533005F1FD7 /* WeatherResponse.swift */,
			);
			path = Models;
			sourceTree = "<group>";
		};
		0E902335297ED72F005F1FD7 /* View Models */ = {
			isa = PBXGroup;
			children = (
				0E902336297ED73B005F1FD7 /* AddWeatherViewModel.swift */,
				0E90233E297EDA27005F1FD7 /* WeatherListViewModel.swift */,
				0E2A906C298178C700E6F84F /* SettingsViewModel.swift */,
			);
			path = "View Models";
			sourceTree = "<group>";
		};
		0E902338297ED778005F1FD7 /* Utils */ = {
			isa = PBXGroup;
			children = (
				0E902339297ED781005F1FD7 /* Constants.swift */,
				0E2A906E29817AA900E6F84F /* Unit.swift */,
			);
			path = Utils;
			sourceTree = "<group>";
		};
		0E90233B297ED858005F1FD7 /* Extensions */ = {
			isa = PBXGroup;
			children = (
				0E90233C297ED863005F1FD7 /* String+Extensions.swift */,
				0E902340297EE5BF005F1FD7 /* Double+Extensions.swift */,
			);
			path = Extensions;
			sourceTree = "<group>";
		};
/* End PBXGroup section */

/* Begin PBXNativeTarget section */
		0E322E00297991820050EB2F /* MVVMpractice */ = {
			isa = PBXNativeTarget;
			buildConfigurationList = 0E322E15297991840050EB2F /* Build configuration list for PBXNativeTarget "MVVMpractice" */;
			buildPhases = (
				0E322DFD297991820050EB2F /* Sources */,
				0E322DFE297991820050EB2F /* Frameworks */,
				0E322DFF297991820050EB2F /* Resources */,
			);
			buildRules = (
			);
			dependencies = (
			);
			name = MVVMpractice;
			packageProductDependencies = (
				0E1D6D59297C44A9004AF835 /* Alamofire */,
				0E1D6D5C297C482B004AF835 /* SwiftyJSON */,
			);
			productName = MVVMpractice;
			productReference = 0E322E01297991820050EB2F /* MVVMpractice.app */;
			productType = "com.apple.product-type.application";
		};
/* End PBXNativeTarget section */

/* Begin PBXProject section */
		0E322DF9297991820050EB2F /* Project object */ = {
			isa = PBXProject;
			attributes = {
				BuildIndependentTargetsInParallel = 1;
				LastSwiftUpdateCheck = 1410;
				LastUpgradeCheck = 1410;
				TargetAttributes = {
					0E322E00297991820050EB2F = {
						CreatedOnToolsVersion = 14.1;
					};
				};
			};
			buildConfigurationList = 0E322DFC297991820050EB2F /* Build configuration list for PBXProject "MVVMpractice" */;
			compatibilityVersion = "Xcode 14.0";
			developmentRegion = en;
			hasScannedForEncodings = 0;
			knownRegions = (
				en,
				Base,
			);
			mainGroup = 0E322DF8297991820050EB2F;
			packageReferences = (
				0E1D6D58297C44A9004AF835 /* XCRemoteSwiftPackageReference "Alamofire" */,
				0E1D6D5B297C482B004AF835 /* XCRemoteSwiftPackageReference "SwiftyJSON" */,
			);
			productRefGroup = 0E322E02297991820050EB2F /* Products */;
			projectDirPath = "";
			projectRoot = "";
			targets = (
				0E322E00297991820050EB2F /* MVVMpractice */,
			);
		};
/* End PBXProject section */

/* Begin PBXResourcesBuildPhase section */
		0E322DFF297991820050EB2F /* Resources */ = {
			isa = PBXResourcesBuildPhase;
			buildActionMask = 2147483647;
			files = (
				0E322E11297991840050EB2F /* LaunchScreen.storyboard in Resources */,
				0E322E0E297991840050EB2F /* Assets.xcassets in Resources */,
				0E322E0C297991820050EB2F /* Main.storyboard in Resources */,
			);
			runOnlyForDeploymentPostprocessing = 0;
		};
/* End PBXResourcesBuildPhase section */

/* Begin PBXSourcesBuildPhase section */
		0E322DFD297991820050EB2F /* Sources */ = {
			isa = PBXSourcesBuildPhase;
			buildActionMask = 2147483647;
			files = (
				0E2A907329856C4D00E6F84F /* LoginViewController.swift in Sources */,
				0E7C80A8297D440100005C64 /* OrdersTableViewController.swift in Sources */,
				0E90233D297ED863005F1FD7 /* String+Extensions.swift in Sources */,
				0E90232B297EC4DE005F1FD7 /* AddWeatherCityViewController.swift in Sources */,
				0E322E05297991820050EB2F /* AppDelegate.swift in Sources */,
				0E2A9079298572F600E6F84F /* BindingTextField.swift in Sources */,
				0E902329297EC4B9005F1FD7 /* WeatherListTableViewController.swift in Sources */,
				0E7C80AA297D443000005C64 /* AddOrderViewController.swift in Sources */,
				0E902337297ED73B005F1FD7 /* AddWeatherViewModel.swift in Sources */,
				0E7C80B3297D8C4800005C64 /* OrderViewModel.swift in Sources */,
				0E1D6D4B297A6B31004AF835 /* NewsListTableViewController.swift in Sources */,
				0E902334297ED533005F1FD7 /* WeatherResponse.swift in Sources */,
				0E2A906D298178C700E6F84F /* SettingsViewModel.swift in Sources */,
				0E7C80B0297D816A00005C64 /* Order.swift in Sources */,
				0E1D6D4E297A797E004AF835 /* WebService.swift in Sources */,
				0E2A906F29817AA900E6F84F /* Unit.swift in Sources */,
				0E7C80B5297D979400005C64 /* AddCoffeeOrderViewModel.swift in Sources */,
				0E1D6D54297C33A4004AF835 /* ArticleViewModel.swift in Sources */,
				0E322E07297991820050EB2F /* SceneDelegate.swift in Sources */,
				0E90232E297EC9D1005F1FD7 /* WeatherCell.swift in Sources */,
				0E90233A297ED781005F1FD7 /* Constants.swift in Sources */,
				0E2A907629856F7600E6F84F /* LoginViewModel.swift in Sources */,
				0E90233F297EDA27005F1FD7 /* WeatherListViewModel.swift in Sources */,
				0E1D6D57297C3828004AF835 /* ArticleTableViewCell.swift in Sources */,
				0E902331297ECFB1005F1FD7 /* WeatherWebService.swift in Sources */,
				0E2A906B2981786500E6F84F /* SettingsTableViewController.swift in Sources */,
				0E902341297EE5BF005F1FD7 /* Double+Extensions.swift in Sources */,
				0E7C80AD297D7B2000005C64 /* OrderWebservice.swift in Sources */,
				0E1D6D51297B8EB9004AF835 /* Article.swift in Sources */,
			);
			runOnlyForDeploymentPostprocessing = 0;
		};
/* End PBXSourcesBuildPhase section */

/* Begin PBXVariantGroup section */
		0E322E0A297991820050EB2F /* Main.storyboard */ = {
			isa = PBXVariantGroup;
			children = (
				0E322E0B297991820050EB2F /* Base */,
			);
			name = Main.storyboard;
			sourceTree = "<group>";
		};
		0E322E0F297991840050EB2F /* LaunchScreen.storyboard */ = {
			isa = PBXVariantGroup;
			children = (
				0E322E10297991840050EB2F /* Base */,
			);
			name = LaunchScreen.storyboard;
			sourceTree = "<group>";
		};
/* End PBXVariantGroup section */

/* Begin XCBuildConfiguration section */
		0E322E13297991840050EB2F /* Debug */ = {
			isa = XCBuildConfiguration;
			buildSettings = {
				ALWAYS_SEARCH_USER_PATHS = NO;
				CLANG_ANALYZER_NONNULL = YES;
				CLANG_ANALYZER_NUMBER_OBJECT_CONVERSION = YES_AGGRESSIVE;
				CLANG_CXX_LANGUAGE_STANDARD = "gnu++20";
				CLANG_ENABLE_MODULES = YES;
				CLANG_ENABLE_OBJC_ARC = YES;
				CLANG_ENABLE_OBJC_WEAK = YES;
				CLANG_WARN_BLOCK_CAPTURE_AUTORELEASING = YES;
				CLANG_WARN_BOOL_CONVERSION = YES;
				CLANG_WARN_COMMA = YES;
				CLANG_WARN_CONSTANT_CONVERSION = YES;
				CLANG_WARN_DEPRECATED_OBJC_IMPLEMENTATIONS = YES;
				CLANG_WARN_DIRECT_OBJC_ISA_USAGE = YES_ERROR;
				CLANG_WARN_DOCUMENTATION_COMMENTS = YES;
				CLANG_WARN_EMPTY_BODY = YES;
				CLANG_WARN_ENUM_CONVERSION = YES;
				CLANG_WARN_INFINITE_RECURSION = YES;
				CLANG_WARN_INT_CONVERSION = YES;
				CLANG_WARN_NON_LITERAL_NULL_CONVERSION = YES;
				CLANG_WARN_OBJC_IMPLICIT_RETAIN_SELF = YES;
				CLANG_WARN_OBJC_LITERAL_CONVERSION = YES;
				CLANG_WARN_OBJC_ROOT_CLASS = YES_ERROR;
				CLANG_WARN_QUOTED_INCLUDE_IN_FRAMEWORK_HEADER = YES;
				CLANG_WARN_RANGE_LOOP_ANALYSIS = YES;
				CLANG_WARN_STRICT_PROTOTYPES = YES;
				CLANG_WARN_SUSPICIOUS_MOVE = YES;
				CLANG_WARN_UNGUARDED_AVAILABILITY = YES_AGGRESSIVE;
				CLANG_WARN_UNREACHABLE_CODE = YES;
				CLANG_WARN__DUPLICATE_METHOD_MATCH = YES;
				COPY_PHASE_STRIP = NO;
				DEBUG_INFORMATION_FORMAT = dwarf;
				ENABLE_STRICT_OBJC_MSGSEND = YES;
				ENABLE_TESTABILITY = YES;
				GCC_C_LANGUAGE_STANDARD = gnu11;
				GCC_DYNAMIC_NO_PIC = NO;
				GCC_NO_COMMON_BLOCKS = YES;
				GCC_OPTIMIZATION_LEVEL = 0;
				GCC_PREPROCESSOR_DEFINITIONS = (
					"DEBUG=1",
					"$(inherited)",
				);
				GCC_WARN_64_TO_32_BIT_CONVERSION = YES;
				GCC_WARN_ABOUT_RETURN_TYPE = YES_ERROR;
				GCC_WARN_UNDECLARED_SELECTOR = YES;
				GCC_WARN_UNINITIALIZED_AUTOS = YES_AGGRESSIVE;
				GCC_WARN_UNUSED_FUNCTION = YES;
				GCC_WARN_UNUSED_VARIABLE = YES;
				IPHONEOS_DEPLOYMENT_TARGET = 16.1;
				MTL_ENABLE_DEBUG_INFO = INCLUDE_SOURCE;
				MTL_FAST_MATH = YES;
				ONLY_ACTIVE_ARCH = YES;
				SDKROOT = iphoneos;
				SWIFT_ACTIVE_COMPILATION_CONDITIONS = DEBUG;
				SWIFT_OPTIMIZATION_LEVEL = "-Onone";
			};
			name = Debug;
		};
		0E322E14297991840050EB2F /* Release */ = {
			isa = XCBuildConfiguration;
			buildSettings = {
				ALWAYS_SEARCH_USER_PATHS = NO;
				CLANG_ANALYZER_NONNULL = YES;
				CLANG_ANALYZER_NUMBER_OBJECT_CONVERSION = YES_AGGRESSIVE;
				CLANG_CXX_LANGUAGE_STANDARD = "gnu++20";
				CLANG_ENABLE_MODULES = YES;
				CLANG_ENABLE_OBJC_ARC = YES;
				CLANG_ENABLE_OBJC_WEAK = YES;
				CLANG_WARN_BLOCK_CAPTURE_AUTORELEASING = YES;
				CLANG_WARN_BOOL_CONVERSION = YES;
				CLANG_WARN_COMMA = YES;
				CLANG_WARN_CONSTANT_CONVERSION = YES;
				CLANG_WARN_DEPRECATED_OBJC_IMPLEMENTATIONS = YES;
				CLANG_WARN_DIRECT_OBJC_ISA_USAGE = YES_ERROR;
				CLANG_WARN_DOCUMENTATION_COMMENTS = YES;
				CLANG_WARN_EMPTY_BODY = YES;
				CLANG_WARN_ENUM_CONVERSION = YES;
				CLANG_WARN_INFINITE_RECURSION = YES;
				CLANG_WARN_INT_CONVERSION = YES;
				CLANG_WARN_NON_LITERAL_NULL_CONVERSION = YES;
				CLANG_WARN_OBJC_IMPLICIT_RETAIN_SELF = YES;
				CLANG_WARN_OBJC_LITERAL_CONVERSION = YES;
				CLANG_WARN_OBJC_ROOT_CLASS = YES_ERROR;
				CLANG_WARN_QUOTED_INCLUDE_IN_FRAMEWORK_HEADER = YES;
				CLANG_WARN_RANGE_LOOP_ANALYSIS = YES;
				CLANG_WARN_STRICT_PROTOTYPES = YES;
				CLANG_WARN_SUSPICIOUS_MOVE = YES;
				CLANG_WARN_UNGUARDED_AVAILABILITY = YES_AGGRESSIVE;
				CLANG_WARN_UNREACHABLE_CODE = YES;
				CLANG_WARN__DUPLICATE_METHOD_MATCH = YES;
				COPY_PHASE_STRIP = NO;
				DEBUG_INFORMATION_FORMAT = "dwarf-with-dsym";
				ENABLE_NS_ASSERTIONS = NO;
				ENABLE_STRICT_OBJC_MSGSEND = YES;
				GCC_C_LANGUAGE_STANDARD = gnu11;
				GCC_NO_COMMON_BLOCKS = YES;
				GCC_WARN_64_TO_32_BIT_CONVERSION = YES;
				GCC_WARN_ABOUT_RETURN_TYPE = YES_ERROR;
				GCC_WARN_UNDECLARED_SELECTOR = YES;
				GCC_WARN_UNINITIALIZED_AUTOS = YES_AGGRESSIVE;
				GCC_WARN_UNUSED_FUNCTION = YES;
				GCC_WARN_UNUSED_VARIABLE = YES;
				IPHONEOS_DEPLOYMENT_TARGET = 16.1;
				MTL_ENABLE_DEBUG_INFO = NO;
				MTL_FAST_MATH = YES;
				SDKROOT = iphoneos;
				SWIFT_COMPILATION_MODE = wholemodule;
				SWIFT_OPTIMIZATION_LEVEL = "-O";
				VALIDATE_PRODUCT = YES;
			};
			name = Release;
		};
		0E322E16297991840050EB2F /* Debug */ = {
			isa = XCBuildConfiguration;
			buildSettings = {
				ASSETCATALOG_COMPILER_APPICON_NAME = AppIcon;
				ASSETCATALOG_COMPILER_GLOBAL_ACCENT_COLOR_NAME = AccentColor;
				CODE_SIGN_STYLE = Automatic;
				CURRENT_PROJECT_VERSION = 1;
				DEVELOPMENT_TEAM = U8U4L6FXAF;
				GENERATE_INFOPLIST_FILE = YES;
				INFOPLIST_FILE = MVVMpractice/Info.plist;
				INFOPLIST_KEY_UIApplicationSupportsIndirectInputEvents = YES;
				INFOPLIST_KEY_UILaunchStoryboardName = LaunchScreen;
				INFOPLIST_KEY_UIMainStoryboardFile = Main;
				INFOPLIST_KEY_UIStatusBarStyle = UIStatusBarStyleLightContent;
				INFOPLIST_KEY_UISupportedInterfaceOrientations = UIInterfaceOrientationPortrait;
				INFOPLIST_KEY_UISupportedInterfaceOrientations_iPad = "UIInterfaceOrientationLandscapeLeft UIInterfaceOrientationLandscapeRight UIInterfaceOrientationPortrait UIInterfaceOrientationPortraitUpsideDown";
				IPHONEOS_DEPLOYMENT_TARGET = 15.0;
				LD_RUNPATH_SEARCH_PATHS = (
					"$(inherited)",
					"@executable_path/Frameworks",
				);
				MARKETING_VERSION = 1.0;
				PRODUCT_BUNDLE_IDENTIFIER = net.mhkang.MVVMpractice;
				PRODUCT_NAME = "$(TARGET_NAME)";
				SUPPORTED_PLATFORMS = "iphoneos iphonesimulator";
				SUPPORTS_MACCATALYST = NO;
				SUPPORTS_MAC_DESIGNED_FOR_IPHONE_IPAD = NO;
				SWIFT_EMIT_LOC_STRINGS = YES;
				SWIFT_VERSION = 5.0;
				TARGETED_DEVICE_FAMILY = 1;
			};
			name = Debug;
		};
		0E322E17297991840050EB2F /* Release */ = {
			isa = XCBuildConfiguration;
			buildSettings = {
				ASSETCATALOG_COMPILER_APPICON_NAME = AppIcon;
				ASSETCATALOG_COMPILER_GLOBAL_ACCENT_COLOR_NAME = AccentColor;
				CODE_SIGN_STYLE = Automatic;
				CURRENT_PROJECT_VERSION = 1;
				DEVELOPMENT_TEAM = U8U4L6FXAF;
				GENERATE_INFOPLIST_FILE = YES;
				INFOPLIST_FILE = MVVMpractice/Info.plist;
				INFOPLIST_KEY_UIApplicationSupportsIndirectInputEvents = YES;
				INFOPLIST_KEY_UILaunchStoryboardName = LaunchScreen;
				INFOPLIST_KEY_UIMainStoryboardFile = Main;
				INFOPLIST_KEY_UIStatusBarStyle = UIStatusBarStyleLightContent;
				INFOPLIST_KEY_UISupportedInterfaceOrientations = UIInterfaceOrientationPortrait;
				INFOPLIST_KEY_UISupportedInterfaceOrientations_iPad = "UIInterfaceOrientationLandscapeLeft UIInterfaceOrientationLandscapeRight UIInterfaceOrientationPortrait UIInterfaceOrientationPortraitUpsideDown";
				IPHONEOS_DEPLOYMENT_TARGET = 15.0;
				LD_RUNPATH_SEARCH_PATHS = (
					"$(inherited)",
					"@executable_path/Frameworks",
				);
				MARKETING_VERSION = 1.0;
				PRODUCT_BUNDLE_IDENTIFIER = net.mhkang.MVVMpractice;
				PRODUCT_NAME = "$(TARGET_NAME)";
				SUPPORTED_PLATFORMS = "iphoneos iphonesimulator";
				SUPPORTS_MACCATALYST = NO;
				SUPPORTS_MAC_DESIGNED_FOR_IPHONE_IPAD = NO;
				SWIFT_EMIT_LOC_STRINGS = YES;
				SWIFT_VERSION = 5.0;
				TARGETED_DEVICE_FAMILY = 1;
			};
			name = Release;
		};
/* End XCBuildConfiguration section */

/* Begin XCConfigurationList section */
		0E322DFC297991820050EB2F /* Build configuration list for PBXProject "MVVMpractice" */ = {
			isa = XCConfigurationList;
			buildConfigurations = (
				0E322E13297991840050EB2F /* Debug */,
				0E322E14297991840050EB2F /* Release */,
			);
			defaultConfigurationIsVisible = 0;
			defaultConfigurationName = Release;
		};
		0E322E15297991840050EB2F /* Build configuration list for PBXNativeTarget "MVVMpractice" */ = {
			isa = XCConfigurationList;
			buildConfigurations = (
				0E322E16297991840050EB2F /* Debug */,
				0E322E17297991840050EB2F /* Release */,
			);
			defaultConfigurationIsVisible = 0;
			defaultConfigurationName = Release;
		};
/* End XCConfigurationList section */

/* Begin XCRemoteSwiftPackageReference section */
		0E1D6D58297C44A9004AF835 /* XCRemoteSwiftPackageReference "Alamofire" */ = {
			isa = XCRemoteSwiftPackageReference;
			repositoryURL = "https://github.com/Alamofire/Alamofire.git";
			requirement = {
				kind = upToNextMajorVersion;
				minimumVersion = 5.0.0;
			};
		};
		0E1D6D5B297C482B004AF835 /* XCRemoteSwiftPackageReference "SwiftyJSON" */ = {
			isa = XCRemoteSwiftPackageReference;
			repositoryURL = "https://github.com/SwiftyJSON/SwiftyJSON.git";
			requirement = {
				kind = upToNextMajorVersion;
				minimumVersion = 5.0.0;
			};
		};
/* End XCRemoteSwiftPackageReference section */

/* Begin XCSwiftPackageProductDependency section */
		0E1D6D59297C44A9004AF835 /* Alamofire */ = {
			isa = XCSwiftPackageProductDependency;
			package = 0E1D6D58297C44A9004AF835 /* XCRemoteSwiftPackageReference "Alamofire" */;
			productName = Alamofire;
		};
		0E1D6D5C297C482B004AF835 /* SwiftyJSON */ = {
			isa = XCSwiftPackageProductDependency;
			package = 0E1D6D5B297C482B004AF835 /* XCRemoteSwiftPackageReference "SwiftyJSON" */;
			productName = SwiftyJSON;
		};
/* End XCSwiftPackageProductDependency section */
	};
	rootObject = 0E322DF9297991820050EB2F /* Project object */;
}
